Microsoft Visual Studio Solution File, Format Version 12.00
# Visual Studio 2012
Project("{FAE04EC0-301F-11D3-BF4B-00C04F79EFBC}") = "Ludum Dare 52", "Ludum Dare 52.csproj", "{5A9C921E-3EE5-40FF-A31B-7BB1FF75C602}"
EndProject
Global
	GlobalSection(SolutionConfigurationPlatforms) = preSolution
	Debug|Any CPU = Debug|Any CPU
	ExportDebug|Any CPU = ExportDebug|Any CPU
	ExportRelease|Any CPU = ExportRelease|Any CPU
	EndGlobalSection
	GlobalSection(ProjectConfigurationPlatforms) = postSolution
		{5A9C921E-3EE5-40FF-A31B-7BB1FF75C602}.Debug|Any CPU.ActiveCfg = Debug|Any CPU
		{5A9C921E-3EE5-40FF-A31B-7BB1FF75C602}.Debug|Any CPU.Build.0 = Debug|Any CPU
		{5A9C921E-3EE5-40FF-A31B-7BB1FF75C602}.ExportDebug|Any CPU.ActiveCfg = ExportDebug|Any CPU
		{5A9C921E-3EE5-40FF-A31B-7BB1FF75C602}.ExportDebug|Any CPU.Build.0 = ExportDebug|Any CPU
		{5A9C921E-3EE5-40FF-A31B-7BB1FF75C602}.ExportRelease|Any CPU.ActiveCfg = ExportRelease|Any CPU
		{5A9C921E-3EE5-40FF-A31B-7BB1FF75C602}.ExportRelease|Any CPU.Build.0 = ExportRelease|Any CPU
	EndGlobalSection
EndGlobal
